# This file is generated by running "yarn install" inside your project.
# Manual changes might be lost - proceed with caution!

__metadata:
  version: 8
  cacheKey: 10c0

"@kwsites/file-exists@npm:^1.1.1":
  version: 1.1.1
  resolution: "@kwsites/file-exists@npm:1.1.1"
  dependencies:
    debug: "npm:^4.1.1"
  checksum: 10c0/39e693239a72ccd8408bb618a0200e4a8d61682057ca7ae2c87668d7e69196e8d7e2c9cde73db6b23b3b0230169a15e5f1bfe086539f4be43e767b2db68e8ee4
  languageName: node
  linkType: hard

"@kwsites/promise-deferred@npm:^1.1.1":
  version: 1.1.1
  resolution: "@kwsites/promise-deferred@npm:1.1.1"
  checksum: 10c0/ef1ad3f1f50991e3bed352b175986d8b4bc684521698514a2ed63c1d1fc9848843da4f2bc2df961c9b148c94e1c34bf33f0da8a90ba2234e452481f2cc9937b1
  languageName: node
  linkType: hard

"debug@npm:^4.1.1, debug@npm:^4.4.0":
  version: 4.4.3
  resolution: "debug@npm:4.4.3"
  dependencies:
    ms: "npm:^2.1.3"
  peerDependenciesMeta:
    supports-color:
      optional: true
  checksum: 10c0/d79136ec6c83ecbefd0f6a5593da6a9c91ec4d7ddc4b54c883d6e71ec9accb5f67a1a5e96d00a328196b5b5c86d365e98d8a3a70856aaf16b4e7b1985e67f5a6
  languageName: node
  linkType: hard

"framework@workspace:.":
  version: 0.0.0-use.local
  resolution: "framework@workspace:."
  dependencies:
    simple-git: "npm:^3.28.0"
  languageName: unknown
  linkType: soft

"ms@npm:^2.1.3":
  version: 2.1.3
  resolution: "ms@npm:2.1.3"
  checksum: 10c0/d924b57e7312b3b63ad21fc5b3dc0af5e78d61a1fc7cfb5457edaf26326bf62be5307cc87ffb6862ef1c2b33b0233cdb5d4f01c4c958cc0d660948b65a287a48
  languageName: node
  linkType: hard

"simple-git@npm:^3.28.0":
  version: 3.28.0
  resolution: "simple-git@npm:3.28.0"
  dependencies:
    "@kwsites/file-exists": "npm:^1.1.1"
    "@kwsites/promise-deferred": "npm:^1.1.1"
    debug: "npm:^4.4.0"
  checksum: 10c0/d78b8f5884967513efa3d3ee419be421207367c65b680ee45f4c9571f909ba89933ffa27d6d7972fbb759bb30b00e435e35ade2b9e788661feb996da6f461932
  languageName: node
  linkType: hard
